
Microsoft Visual Studio Solution File, Format Version 11.00
# Visual Studio 2010
Project("{FAE04EC0-301F-11D3-BF4B-00C04F79EFBC}") = "114 - Final Project", "Assembly-CSharp.csproj", "{C469878C-7001-8CE4-F965-87DECECC29CB}"
EndProject
Project("{FAE04EC0-301F-11D3-BF4B-00C04F79EFBC}") = "114 - Final Project", "Assembly-CSharp-Editor.csproj", "{6158D00A-1445-7152-A95B-94A6C81978C1}"
EndProject
Global
	GlobalSection(SolutionConfigurationPlatforms) = preSolution
		Debug|Any CPU = Debug|Any CPU
		Release|Any CPU = Release|Any CPU
	EndGlobalSection
	GlobalSection(ProjectConfigurationPlatforms) = postSolution
		{C469878C-7001-8CE4-F965-87DECECC29CB}.Debug|Any CPU.ActiveCfg = Debug|Any CPU
		{C469878C-7001-8CE4-F965-87DECECC29CB}.Debug|Any CPU.Build.0 = Debug|Any CPU
		{C469878C-7001-8CE4-F965-87DECECC29CB}.Release|Any CPU.ActiveCfg = Release|Any CPU
		{C469878C-7001-8CE4-F965-87DECECC29CB}.Release|Any CPU.Build.0 = Release|Any CPU
		{6158D00A-1445-7152-A95B-94A6C81978C1}.Debug|Any CPU.ActiveCfg = Debug|Any CPU
		{6158D00A-1445-7152-A95B-94A6C81978C1}.Debug|Any CPU.Build.0 = Debug|Any CPU
		{6158D00A-1445-7152-A95B-94A6C81978C1}.Release|Any CPU.ActiveCfg = Release|Any CPU
		{6158D00A-1445-7152-A95B-94A6C81978C1}.Release|Any CPU.Build.0 = Release|Any CPU
	EndGlobalSection
	GlobalSection(SolutionProperties) = preSolution
		HideSolutionNode = FALSE
	EndGlobalSection
	GlobalSection(MonoDevelopProperties) = preSolution
		StartupItem = Assembly-CSharp.csproj
	EndGlobalSection
EndGlobal
